// !$*UTF8*$!
{
	archiveVersion = 1;
	classes = {
	};
	objectVersion = 46;
	objects = {

/* Begin PBXBuildFile section */
		BA9A67F11A00D01B0069A9C3 /* AppDelegate.swift in Sources */ = {isa = PBXBuildFile; fileRef = BA9A67F01A00D01B0069A9C3 /* AppDelegate.swift */; };
		BA9A67F31A00D01B0069A9C3 /* ViewController.swift in Sources */ = {isa = PBXBuildFile; fileRef = BA9A67F21A00D01B0069A9C3 /* ViewController.swift */; };
		BA9A67F61A00D01B0069A9C3 /* Main.storyboard in Resources */ = {isa = PBXBuildFile; fileRef = BA9A67F41A00D01B0069A9C3 /* Main.storyboard */; };
		BA9A67F81A00D01B0069A9C3 /* Images.xcassets in Resources */ = {isa = PBXBuildFile; fileRef = BA9A67F71A00D01B0069A9C3 /* Images.xcassets */; };
		BA9A67FB1A00D01B0069A9C3 /* LaunchScreen.xib in Resources */ = {isa = PBXBuildFile; fileRef = BA9A67F91A00D01B0069A9C3 /* LaunchScreen.xib */; };
		BA9A68071A00D01B0069A9C3 /* TodayExtensionSampleTests.swift in Sources */ = {isa = PBXBuildFile; fileRef = BA9A68061A00D01B0069A9C3 /* TodayExtensionSampleTests.swift */; };
		BA9A68171A00D0490069A9C3 /* NotificationCenter.framework in Frameworks */ = {isa = PBXBuildFile; fileRef = BA9A68161A00D0490069A9C3 /* NotificationCenter.framework */; };
		BA9A681C1A00D0490069A9C3 /* TodayViewController.swift in Sources */ = {isa = PBXBuildFile; fileRef = BA9A681B1A00D0490069A9C3 /* TodayViewController.swift */; };
		BA9A681E1A00D0490069A9C3 /* MainInterface.storyboard in Resources */ = {isa = PBXBuildFile; fileRef = BA9A681D1A00D0490069A9C3 /* MainInterface.storyboard */; };
		BA9A68211A00D04A0069A9C3 /* TodayExtension.appex in Embed App Extensions */ = {isa = PBXBuildFile; fileRef = BA9A68141A00D0490069A9C3 /* TodayExtension.appex */; settings = {ATTRIBUTES = (RemoveHeadersOnCopy, ); }; };
/* End PBXBuildFile section */

/* Begin PBXContainerItemProxy section */
		BA9A68011A00D01B0069A9C3 /* PBXContainerItemProxy */ = {
			isa = PBXContainerItemProxy;
			containerPortal = BA9A67E31A00D01B0069A9C3 /* Project object */;
			proxyType = 1;
			remoteGlobalIDString = BA9A67EA1A00D01B0069A9C3;
			remoteInfo = TodayExtensionSample;
		};
		BA9A681F1A00D0490069A9C3 /* PBXContainerItemProxy */ = {
			isa = PBXContainerItemProxy;
			containerPortal = BA9A67E31A00D01B0069A9C3 /* Project object */;
			proxyType = 1;
			remoteGlobalIDString = BA9A68131A00D0490069A9C3;
			remoteInfo = TodayExtension;
		};
		BA9A68221A00D04A0069A9C3 /* PBXContainerItemProxy */ = {
			isa = PBXContainerItemProxy;
			containerPortal = BA9A67E31A00D01B0069A9C3 /* Project object */;
			proxyType = 1;
			remoteGlobalIDString = BA9A68131A00D0490069A9C3;
			remoteInfo = TodayExtension;
		};
/* End PBXContainerItemProxy section */

/* Begin PBXCopyFilesBuildPhase section */
		BA9A68271A00D04A0069A9C3 /* Embed App Extensions */ = {
			isa = PBXCopyFilesBuildPhase;
			buildActionMask = 2147483647;
			dstPath = "";
			dstSubfolderSpec = 13;
			files = (
				BA9A68211A00D04A0069A9C3 /* TodayExtension.appex in Embed App Extensions */,
			);
			name = "Embed App Extensions";
			runOnlyForDeploymentPostprocessing = 0;
		};
/* End PBXCopyFilesBuildPhase section */

/* Begin PBXFileReference section */
		BA9A67EB1A00D01B0069A9C3 /* TodayExtensionSample.app */ = {isa = PBXFileReference; explicitFileType = wrapper.application; includeInIndex = 0; path = TodayExtensionSample.app; sourceTree = BUILT_PRODUCTS_DIR; };
		BA9A67EF1A00D01B0069A9C3 /* Info.plist */ = {isa = PBXFileReference; lastKnownFileType = text.plist.xml; path = Info.plist; sourceTree = "<group>"; };
		BA9A67F01A00D01B0069A9C3 /* AppDelegate.swift */ = {isa = PBXFileReference; lastKnownFileType = sourcecode.swift; path = AppDelegate.swift; sourceTree = "<group>"; };
		BA9A67F21A00D01B0069A9C3 /* ViewController.swift */ = {isa = PBXFileReference; lastKnownFileType = sourcecode.swift; path = ViewController.swift; sourceTree = "<group>"; };
		BA9A67F51A00D01B0069A9C3 /* Base */ = {isa = PBXFileReference; lastKnownFileType = file.storyboard; name = Base; path = Base.lproj/Main.storyboard; sourceTree = "<group>"; };
		BA9A67F71A00D01B0069A9C3 /* Images.xcassets */ = {isa = PBXFileReference; lastKnownFileType = folder.assetcatalog; path = Images.xcassets; sourceTree = "<group>"; };
		BA9A67FA1A00D01B0069A9C3 /* Base */ = {isa = PBXFileReference; lastKnownFileType = file.xib; name = Base; path = Base.lproj/LaunchScreen.xib; sourceTree = "<group>"; };
		BA9A68001A00D01B0069A9C3 /* TodayExtensionSampleTests.xctest */ = {isa = PBXFileReference; explicitFileType = wrapper.cfbundle; includeInIndex = 0; path = TodayExtensionSampleTests.xctest; sourceTree = BUILT_PRODUCTS_DIR; };
		BA9A68051A00D01B0069A9C3 /* Info.plist */ = {isa = PBXFileReference; lastKnownFileType = text.plist.xml; path = Info.plist; sourceTree = "<group>"; };
		BA9A68061A00D01B0069A9C3 /* TodayExtensionSampleTests.swift */ = {isa = PBXFileReference; lastKnownFileType = sourcecode.swift; path = TodayExtensionSampleTests.swift; sourceTree = "<group>"; };
		BA9A68141A00D0490069A9C3 /* TodayExtension.appex */ = {isa = PBXFileReference; explicitFileType = "wrapper.app-extension"; includeInIndex = 0; path = TodayExtension.appex; sourceTree = BUILT_PRODUCTS_DIR; };
		BA9A68161A00D0490069A9C3 /* NotificationCenter.framework */ = {isa = PBXFileReference; lastKnownFileType = wrapper.framework; name = NotificationCenter.framework; path = System/Library/Frameworks/NotificationCenter.framework; sourceTree = SDKROOT; };
		BA9A681A1A00D0490069A9C3 /* Info.plist */ = {isa = PBXFileReference; lastKnownFileType = text.plist.xml; path = Info.plist; sourceTree = "<group>"; };
		BA9A681B1A00D0490069A9C3 /* TodayViewController.swift */ = {isa = PBXFileReference; lastKnownFileType = sourcecode.swift; path = TodayViewController.swift; sourceTree = "<group>"; };
		BA9A681D1A00D0490069A9C3 /* MainInterface.storyboard */ = {isa = PBXFileReference; lastKnownFileType = file.storyboard; path = MainInterface.storyboard; sourceTree = "<group>"; };
		BA9A68281A00DA620069A9C3 /* TodayExtensionSample.entitlements */ = {isa = PBXFileReference; lastKnownFileType = text.xml; path = TodayExtensionSample.entitlements; sourceTree = "<group>"; };
		BA9A68291A00DB1C0069A9C3 /* TodayExtension.entitlements */ = {isa = PBXFileReference; lastKnownFileType = text.xml; path = TodayExtension.entitlements; sourceTree = "<group>"; };
/* End PBXFileReference section */

/* Begin PBXFrameworksBuildPhase section */
		BA9A67E81A00D01B0069A9C3 /* Frameworks */ = {
			isa = PBXFrameworksBuildPhase;
			buildActionMask = 2147483647;
			files = (
			);
			runOnlyForDeploymentPostprocessing = 0;
		};
		BA9A67FD1A00D01B0069A9C3 /* Frameworks */ = {
			isa = PBXFrameworksBuildPhase;
			buildActionMask = 2147483647;
			files = (
			);
			runOnlyForDeploymentPostprocessing = 0;
		};
		BA9A68111A00D0490069A9C3 /* Frameworks */ = {
			isa = PBXFrameworksBuildPhase;
			buildActionMask = 2147483647;
			files = (
				BA9A68171A00D0490069A9C3 /* NotificationCenter.framework in Frameworks */,
			);
			runOnlyForDeploymentPostprocessing = 0;
		};
/* End PBXFrameworksBuildPhase section */

/* Begin PBXGroup section */
		BA9A67E21A00D01B0069A9C3 = {
			isa = PBXGroup;
			children = (
				BA9A67ED1A00D01B0069A9C3 /* TodayExtensionSample */,
				BA9A68031A00D01B0069A9C3 /* TodayExtensionSampleTests */,
				BA9A68181A00D0490069A9C3 /* TodayExtension */,
				BA9A68151A00D0490069A9C3 /* Frameworks */,
				BA9A67EC1A00D01B0069A9C3 /* Products */,
			);
			sourceTree = "<group>";
		};
		BA9A67EC1A00D01B0069A9C3 /* Products */ = {
			isa = PBXGroup;
			children = (
				BA9A67EB1A00D01B0069A9C3 /* TodayExtensionSample.app */,
				BA9A68001A00D01B0069A9C3 /* TodayExtensionSampleTests.xctest */,
				BA9A68141A00D0490069A9C3 /* TodayExtension.appex */,
			);
			name = Products;
			sourceTree = "<group>";
		};
		BA9A67ED1A00D01B0069A9C3 /* TodayExtensionSample */ = {
			isa = PBXGroup;
			children = (
				BA9A68281A00DA620069A9C3 /* TodayExtensionSample.entitlements */,
				BA9A67F01A00D01B0069A9C3 /* AppDelegate.swift */,
				BA9A67F21A00D01B0069A9C3 /* ViewController.swift */,
				BA9A67F41A00D01B0069A9C3 /* Main.storyboard */,
				BA9A67F71A00D01B0069A9C3 /* Images.xcassets */,
				BA9A67F91A00D01B0069A9C3 /* LaunchScreen.xib */,
				BA9A67EE1A00D01B0069A9C3 /* Supporting Files */,
			);
			path = TodayExtensionSample;
			sourceTree = "<group>";
		};
		BA9A67EE1A00D01B0069A9C3 /* Supporting Files */ = {
			isa = PBXGroup;
			children = (
				BA9A67EF1A00D01B0069A9C3 /* Info.plist */,
			);
			name = "Supporting Files";
			sourceTree = "<group>";
		};
		BA9A68031A00D01B0069A9C3 /* TodayExtensionSampleTests */ = {
			isa = PBXGroup;
			children = (
				BA9A68061A00D01B0069A9C3 /* TodayExtensionSampleTests.swift */,
				BA9A68041A00D01B0069A9C3 /* Supporting Files */,
			);
			path = TodayExtensionSampleTests;
			sourceTree = "<group>";
		};
		BA9A68041A00D01B0069A9C3 /* Supporting Files */ = {
			isa = PBXGroup;
			children = (
				BA9A68051A00D01B0069A9C3 /* Info.plist */,
			);
			name = "Supporting Files";
			sourceTree = "<group>";
		};
		BA9A68151A00D0490069A9C3 /* Frameworks */ = {
			isa = PBXGroup;
			children = (
				BA9A68161A00D0490069A9C3 /* NotificationCenter.framework */,
			);
			name = Frameworks;
			sourceTree = "<group>";
		};
		BA9A68181A00D0490069A9C3 /* TodayExtension */ = {
			isa = PBXGroup;
			children = (
				BA9A68291A00DB1C0069A9C3 /* TodayExtension.entitlements */,
				BA9A681B1A00D0490069A9C3 /* TodayViewController.swift */,
				BA9A681D1A00D0490069A9C3 /* MainInterface.storyboard */,
				BA9A68191A00D0490069A9C3 /* Supporting Files */,
			);
			path = TodayExtension;
			sourceTree = "<group>";
		};
		BA9A68191A00D0490069A9C3 /* Supporting Files */ = {
			isa = PBXGroup;
			children = (
				BA9A681A1A00D0490069A9C3 /* Info.plist */,
			);
			name = "Supporting Files";
			sourceTree = "<group>";
		};
/* End PBXGroup section */

/* Begin PBXNativeTarget section */
		BA9A67EA1A00D01B0069A9C3 /* TodayExtensionSample */ = {
			isa = PBXNativeTarget;
			buildConfigurationList = BA9A680A1A00D01B0069A9C3 /* Build configuration list for PBXNativeTarget "TodayExtensionSample" */;
			buildPhases = (
				BA9A67E71A00D01B0069A9C3 /* Sources */,
				BA9A67E81A00D01B0069A9C3 /* Frameworks */,
				BA9A67E91A00D01B0069A9C3 /* Resources */,
				BA9A68271A00D04A0069A9C3 /* Embed App Extensions */,
			);
			buildRules = (
			);
			dependencies = (
				BA9A68201A00D0490069A9C3 /* PBXTargetDependency */,
				BA9A68231A00D04A0069A9C3 /* PBXTargetDependency */,
			);
			name = TodayExtensionSample;
			productName = TodayExtensionSample;
			productReference = BA9A67EB1A00D01B0069A9C3 /* TodayExtensionSample.app */;
			productType = "com.apple.product-type.application";
		};
		BA9A67FF1A00D01B0069A9C3 /* TodayExtensionSampleTests */ = {
			isa = PBXNativeTarget;
			buildConfigurationList = BA9A680D1A00D01B0069A9C3 /* Build configuration list for PBXNativeTarget "TodayExtensionSampleTests" */;
			buildPhases = (
				BA9A67FC1A00D01B0069A9C3 /* Sources */,
				BA9A67FD1A00D01B0069A9C3 /* Frameworks */,
				BA9A67FE1A00D01B0069A9C3 /* Resources */,
			);
			buildRules = (
			);
			dependencies = (
				BA9A68021A00D01B0069A9C3 /* PBXTargetDependency */,
			);
			name = TodayExtensionSampleTests;
			productName = TodayExtensionSampleTests;
			productReference = BA9A68001A00D01B0069A9C3 /* TodayExtensionSampleTests.xctest */;
			productType = "com.apple.product-type.bundle.unit-test";
		};
		BA9A68131A00D0490069A9C3 /* TodayExtension */ = {
			isa = PBXNativeTarget;
			buildConfigurationList = BA9A68241A00D04A0069A9C3 /* Build configuration list for PBXNativeTarget "TodayExtension" */;
			buildPhases = (
				BA9A68101A00D0490069A9C3 /* Sources */,
				BA9A68111A00D0490069A9C3 /* Frameworks */,
				BA9A68121A00D0490069A9C3 /* Resources */,
			);
			buildRules = (
			);
			dependencies = (
			);
			name = TodayExtension;
			productName = TodayExtension;
			productReference = BA9A68141A00D0490069A9C3 /* TodayExtension.appex */;
			productType = "com.apple.product-type.app-extension";
		};
/* End PBXNativeTarget section */

/* Begin PBXProject section */
		BA9A67E31A00D01B0069A9C3 /* Project object */ = {
			isa = PBXProject;
			attributes = {
				LastUpgradeCheck = 0600;
				ORGANIZATIONNAME = "Mindfire Solutions";
				TargetAttributes = {
					BA9A67EA1A00D01B0069A9C3 = {
						CreatedOnToolsVersion = 6.0;
						DevelopmentTeam = Z7R2ELCV32;
						SystemCapabilities = {
							com.apple.ApplicationGroups.iOS = {
								enabled = 1;
							};
						};
					};
					BA9A67FF1A00D01B0069A9C3 = {
						CreatedOnToolsVersion = 6.0;
						TestTargetID = BA9A67EA1A00D01B0069A9C3;
					};
					BA9A68131A00D0490069A9C3 = {
						CreatedOnToolsVersion = 6.0;
						DevelopmentTeam = Z7R2ELCV32;
						SystemCapabilities = {
							com.apple.ApplicationGroups.iOS = {
								enabled = 1;
							};
						};
					};
				};
			};
			buildConfigurationList = BA9A67E61A00D01B0069A9C3 /* Build configuration list for PBXProject "TodayExtensionSample" */;
			compatibilityVersion = "Xcode 3.2";
			developmentRegion = English;
			hasScannedForEncodings = 0;
			knownRegions = (
				en,
				Base,
			);
			mainGroup = BA9A67E21A00D01B0069A9C3;
			productRefGroup = BA9A67EC1A00D01B0069A9C3 /* Products */;
			projectDirPath = "";
			projectRoot = "";
			targets = (
				BA9A67EA1A00D01B0069A9C3 /* TodayExtensionSample */,
				BA9A67FF1A00D01B0069A9C3 /* TodayExtensionSampleTests */,
				BA9A68131A00D0490069A9C3 /* TodayExtension */,
			);
		};
/* End PBXProject section */

/* Begin PBXResourcesBuildPhase section */
		BA9A67E91A00D01B0069A9C3 /* Resources */ = {
			isa = PBXResourcesBuildPhase;
			buildActionMask = 2147483647;
			files = (
				BA9A67F61A00D01B0069A9C3 /* Main.storyboard in Resources */,
				BA9A67FB1A00D01B0069A9C3 /* LaunchScreen.xib in Resources */,
				BA9A67F81A00D01B0069A9C3 /* Images.xcassets in Resources */,
			);
			runOnlyForDeploymentPostprocessing = 0;
		};
		BA9A67FE1A00D01B0069A9C3 /* Resources */ = {
			isa = PBXResourcesBuildPhase;
			buildActionMask = 2147483647;
			files = (
			);
			runOnlyForDeploymentPostprocessing = 0;
		};
		BA9A68121A00D0490069A9C3 /* Resources */ = {
			isa = PBXResourcesBuildPhase;
			buildActionMask = 2147483647;
			files = (
				BA9A681E1A00D0490069A9C3 /* MainInterface.storyboard in Resources */,
			);
			runOnlyForDeploymentPostprocessing = 0;
		};
/* End PBXResourcesBuildPhase section */

/* Begin PBXSourcesBuildPhase section */
		BA9A67E71A00D01B0069A9C3 /* Sources */ = {
			isa = PBXSourcesBuildPhase;
			buildActionMask = 2147483647;
			files = (
				BA9A67F31A00D01B0069A9C3 /* ViewController.swift in Sources */,
				BA9A67F11A00D01B0069A9C3 /* AppDelegate.swift in Sources */,
			);
			runOnlyForDeploymentPostprocessing = 0;
		};
		BA9A67FC1A00D01B0069A9C3 /* Sources */ = {
			isa = PBXSourcesBuildPhase;
			buildActionMask = 2147483647;
			files = (
				BA9A68071A00D01B0069A9C3 /* TodayExtensionSampleTests.swift in Sources */,
			);
			runOnlyForDeploymentPostprocessing = 0;
		};
		BA9A68101A00D0490069A9C3 /* Sources */ = {
			isa = PBXSourcesBuildPhase;
			buildActionMask = 2147483647;
			files = (
				BA9A681C1A00D0490069A9C3 /* TodayViewController.swift in Sources */,
			);
			runOnlyForDeploymentPostprocessing = 0;
		};
/* End PBXSourcesBuildPhase section */

/* Begin PBXTargetDependency section */
		BA9A68021A00D01B0069A9C3 /* PBXTargetDependency */ = {
			isa = PBXTargetDependency;
			target = BA9A67EA1A00D01B0069A9C3 /* TodayExtensionSample */;
			targetProxy = BA9A68011A00D01B0069A9C3 /* PBXContainerItemProxy */;
		};
		BA9A68201A00D0490069A9C3 /* PBXTargetDependency */ = {
			isa = PBXTargetDependency;
			target = BA9A68131A00D0490069A9C3 /* TodayExtension */;
			targetProxy = BA9A681F1A00D0490069A9C3 /* PBXContainerItemProxy */;
		};
		BA9A68231A00D04A0069A9C3 /* PBXTargetDependency */ = {
			isa = PBXTargetDependency;
			target = BA9A68131A00D0490069A9C3 /* TodayExtension */;
			targetProxy = BA9A68221A00D04A0069A9C3 /* PBXContainerItemProxy */;
		};
/* End PBXTargetDependency section */

/* Begin PBXVariantGroup section */
		BA9A67F41A00D01B0069A9C3 /* Main.storyboard */ = {
			isa = PBXVariantGroup;
			children = (
				BA9A67F51A00D01B0069A9C3 /* Base */,
			);
			name = Main.storyboard;
			sourceTree = "<group>";
		};
		BA9A67F91A00D01B0069A9C3 /* LaunchScreen.xib */ = {
			isa = PBXVariantGroup;
			children = (
				BA9A67FA1A00D01B0069A9C3 /* Base */,
			);
			name = LaunchScreen.xib;
			sourceTree = "<group>";
		};
/* End PBXVariantGroup section */

/* Begin XCBuildConfiguration section */
		BA9A68081A00D01B0069A9C3 /* Debug */ = {
			isa = XCBuildConfiguration;
			buildSettings = {
				ALWAYS_SEARCH_USER_PATHS = NO;
				CLANG_CXX_LANGUAGE_STANDARD = "gnu++0x";
				CLANG_CXX_LIBRARY = "libc++";
				CLANG_ENABLE_MODULES = YES;
				CLANG_ENABLE_OBJC_ARC = YES;
				CLANG_WARN_BOOL_CONVERSION = YES;
				CLANG_WARN_CONSTANT_CONVERSION = YES;
				CLANG_WARN_DIRECT_OBJC_ISA_USAGE = YES_ERROR;
				CLANG_WARN_EMPTY_BODY = YES;
				CLANG_WARN_ENUM_CONVERSION = YES;
				CLANG_WARN_INT_CONVERSION = YES;
				CLANG_WARN_OBJC_ROOT_CLASS = YES_ERROR;
				CLANG_WARN_UNREACHABLE_CODE = YES;
				CLANG_WARN__DUPLICATE_METHOD_MATCH = YES;
				"CODE_SIGN_IDENTITY[sdk=iphoneos*]" = "iPhone Developer";
				COPY_PHASE_STRIP = NO;
				ENABLE_STRICT_OBJC_MSGSEND = YES;
				GCC_C_LANGUAGE_STANDARD = gnu99;
				GCC_DYNAMIC_NO_PIC = NO;
				GCC_OPTIMIZATION_LEVEL = 0;
				GCC_PREPROCESSOR_DEFINITIONS = (
					"DEBUG=1",
					"$(inherited)",
				);
				GCC_SYMBOLS_PRIVATE_EXTERN = NO;
				GCC_WARN_64_TO_32_BIT_CONVERSION = YES;
				GCC_WARN_ABOUT_RETURN_TYPE = YES_ERROR;
				GCC_WARN_UNDECLARED_SELECTOR = YES;
				GCC_WARN_UNINITIALIZED_AUTOS = YES_AGGRESSIVE;
				GCC_WARN_UNUSED_FUNCTION = YES;
				GCC_WARN_UNUSED_VARIABLE = YES;
				IPHONEOS_DEPLOYMENT_TARGET = 8.0;
				MTL_ENABLE_DEBUG_INFO = YES;
				ONLY_ACTIVE_ARCH = YES;
				SDKROOT = iphoneos;
				SWIFT_OPTIMIZATION_LEVEL = "-Onone";
			};
			name = Debug;
		};
		BA9A68091A00D01B0069A9C3 /* Release */ = {
			isa = XCBuildConfiguration;
			buildSettings = {
				ALWAYS_SEARCH_USER_PATHS = NO;
				CLANG_CXX_LANGUAGE_STANDARD = "gnu++0x";
				CLANG_CXX_LIBRARY = "libc++";
				CLANG_ENABLE_MODULES = YES;
				CLANG_ENABLE_OBJC_ARC = YES;
				CLANG_WARN_BOOL_CONVERSION = YES;
				CLANG_WARN_CONSTANT_CONVERSION = YES;
				CLANG_WARN_DIRECT_OBJC_ISA_USAGE = YES_ERROR;
				CLANG_WARN_EMPTY_BODY = YES;
				CLANG_WARN_ENUM_CONVERSION = YES;
				CLANG_WARN_INT_CONVERSION = YES;
				CLANG_WARN_OBJC_ROOT_CLASS = YES_ERROR;
				CLANG_WARN_UNREACHABLE_CODE = YES;
				CLANG_WARN__DUPLICATE_METHOD_MATCH = YES;
				"CODE_SIGN_IDENTITY[sdk=iphoneos*]" = "iPhone Developer";
				COPY_PHASE_STRIP = YES;
				ENABLE_NS_ASSERTIONS = NO;
				ENABLE_STRICT_OBJC_MSGSEND = YES;
				GCC_C_LANGUAGE_STANDARD = gnu99;
				GCC_WARN_64_TO_32_BIT_CONVERSION = YES;
				GCC_WARN_ABOUT_RETURN_TYPE = YES_ERROR;
				GCC_WARN_UNDECLARED_SELECTOR = YES;
				GCC_WARN_UNINITIALIZED_AUTOS = YES_AGGRESSIVE;
				GCC_WARN_UNUSED_FUNCTION = YES;
				GCC_WARN_UNUSED_VARIABLE = YES;
				IPHONEOS_DEPLOYMENT_TARGET = 8.0;
				MTL_ENABLE_DEBUG_INFO = NO;
				SDKROOT = iphoneos;
				VALIDATE_PRODUCT = YES;
			};
			name = Release;
		};
		BA9A680B1A00D01B0069A9C3 /* Debug */ = {
			isa = XCBuildConfiguration;
			buildSettings = {
				ASSETCATALOG_COMPILER_APPICON_NAME = AppIcon;
				CODE_SIGN_ENTITLEMENTS = TodayExtensionSample/TodayExtensionSample.entitlements;
				CODE_SIGN_IDENTITY = "iPhone Developer";
				"CODE_SIGN_IDENTITY[sdk=iphoneos*]" = "iPhone Developer";
				INFOPLIST_FILE = TodayExtensionSample/Info.plist;
				LD_RUNPATH_SEARCH_PATHS = "$(inherited) @executable_path/Frameworks";
				PRODUCT_NAME = "$(TARGET_NAME)";
				PROVISIONING_PROFILE = "";
			};
			name = Debug;
		};
		BA9A680C1A00D01B0069A9C3 /* Release */ = {
			isa = XCBuildConfiguration;
			buildSettings = {
				ASSETCATALOG_COMPILER_APPICON_NAME = AppIcon;
				CODE_SIGN_ENTITLEMENTS = TodayExtensionSample/TodayExtensionSample.entitlements;
				CODE_SIGN_IDENTITY = "iPhone Developer";
				"CODE_SIGN_IDENTITY[sdk=iphoneos*]" = "iPhone Developer";
				INFOPLIST_FILE = TodayExtensionSample/Info.plist;
				LD_RUNPATH_SEARCH_PATHS = "$(inherited) @executable_path/Frameworks";
				PRODUCT_NAME = "$(TARGET_NAME)";
				PROVISIONING_PROFILE = "";
			};
			name = Release;
		};
		BA9A680E1A00D01B0069A9C3 /* Debug */ = {
			isa = XCBuildConfiguration;
			buildSettings = {
				BUNDLE_LOADER = "$(TEST_HOST)";
				FRAMEWORK_SEARCH_PATHS = (
					"$(SDKROOT)/Developer/Library/Frameworks",
					"$(inherited)",
				);
				GCC_PREPROCESSOR_DEFINITIONS = (
					"DEBUG=1",
					"$(inherited)",
				);
				INFOPLIST_FILE = TodayExtensionSampleTests/Info.plist;
				LD_RUNPATH_SEARCH_PATHS = "$(inherited) @executable_path/Frameworks @loader_path/Frameworks";
				PRODUCT_NAME = "$(TARGET_NAME)";
				TEST_HOST = "$(BUILT_PRODUCTS_DIR)/TodayExtensionSample.app/TodayExtensionSample";
			};
			name = Debug;
		};
		BA9A680F1A00D01B0069A9C3 /* Release */ = {
			isa = XCBuildConfiguration;
			buildSettings = {
				BUNDLE_LOADER = "$(TEST_HOST)";
				FRAMEWORK_SEARCH_PATHS = (
					"$(SDKROOT)/Developer/Library/Frameworks",
					"$(inherited)",
				);
				INFOPLIST_FILE = TodayExtensionSampleTests/Info.plist;
				LD_RUNPATH_SEARCH_PATHS = "$(inherited) @executable_path/Frameworks @loader_path/Frameworks";
				PRODUCT_NAME = "$(TARGET_NAME)";
				TEST_HOST = "$(BUILT_PRODUCTS_DIR)/TodayExtensionSample.app/TodayExtensionSample";
			};
			name = Release;
		};
		BA9A68251A00D04A0069A9C3 /* Debug */ = {
			isa = XCBuildConfiguration;
			buildSettings = {
				CODE_SIGN_ENTITLEMENTS = TodayExtension/TodayExtension.entitlements;
				CODE_SIGN_IDENTITY = "iPhone Developer";
				"CODE_SIGN_IDENTITY[sdk=iphoneos*]" = "iPhone Developer";
				GCC_PREPROCESSOR_DEFINITIONS = (
					"DEBUG=1",
					"$(inherited)",
				);
				INFOPLIST_FILE = TodayExtension/Info.plist;
				LD_RUNPATH_SEARCH_PATHS = "$(inherited) @executable_path/Frameworks @executable_path/../../Frameworks";
				PRODUCT_NAME = "$(TARGET_NAME)";
				PROVISIONING_PROFILE = "";
				SKIP_INSTALL = YES;
			};
			name = Debug;
		};
		BA9A68261A00D04A0069A9C3 /* Release */ = {
			isa = XCBuildConfiguration;
			buildSettings = {
				CODE_SIGN_ENTITLEMENTS = TodayExtension/TodayExtension.entitlements;
				CODE_SIGN_IDENTITY = "iPhone Developer";
				"CODE_SIGN_IDENTITY[sdk=iphoneos*]" = "iPhone Developer";
				INFOPLIST_FILE = TodayExtension/Info.plist;
				LD_RUNPATH_SEARCH_PATHS = "$(inherited) @executable_path/Frameworks @executable_path/../../Frameworks";
				PRODUCT_NAME = "$(TARGET_NAME)";
				PROVISIONING_PROFILE = "";
				SKIP_INSTALL = YES;
			};
			name = Release;
		};
/* End XCBuildConfiguration section */

/* Begin XCConfigurationList section */
		BA9A67E61A00D01B0069A9C3 /* Build configuration list for PBXProject "TodayExtensionSample" */ = {
			isa = XCConfigurationList;
			buildConfigurations = (
				BA9A68081A00D01B0069A9C3 /* Debug */,
				BA9A68091A00D01B0069A9C3 /* Release */,
			);
			defaultConfigurationIsVisible = 0;
			defaultConfigurationName = Release;
		};
		BA9A680A1A00D01B0069A9C3 /* Build configuration list for PBXNativeTarget "TodayExtensionSample" */ = {
			isa = XCConfigurationList;
			buildConfigurations = (
				BA9A680B1A00D01B0069A9C3 /* Debug */,
				BA9A680C1A00D01B0069A9C3 /* Release */,
			);
			defaultConfigurationIsVisible = 0;
			defaultConfigurationName = Release;
		};
		BA9A680D1A00D01B0069A9C3 /* Build configuration list for PBXNativeTarget "TodayExtensionSampleTests" */ = {
			isa = XCConfigurationList;
			buildConfigurations = (
				BA9A680E1A00D01B0069A9C3 /* Debug */,
				BA9A680F1A00D01B0069A9C3 /* Release */,
			);
			defaultConfigurationIsVisible = 0;
			defaultConfigurationName = Release;
		};
		BA9A68241A00D04A0069A9C3 /* Build configuration list for PBXNativeTarget "TodayExtension" */ = {
			isa = XCConfigurationList;
			buildConfigurations = (
				BA9A68251A00D04A0069A9C3 /* Debug */,
				BA9A68261A00D04A0069A9C3 /* Release */,
			);
			defaultConfigurationIsVisible = 0;
			defaultConfigurationName = Release;
		};
/* End XCConfigurationList section */
	};
	rootObject = BA9A67E31A00D01B0069A9C3 /* Project object */;
}
